{
    "version": 3,
    "terraform_version": "0.11.7",
    "serial": 75,
    "lineage": "4ba699d6-4a42-cd42-7c86-0768fa036041",
    "modules": [
        {
            "path": [
                "root"
            ],
            "outputs": {
                "aws_eip_kubebox_worker_id1": {
                    "sensitive": false,
                    "type": "string",
                    "value": "eipalloc-0bf552c07a208ab12"
                },
                "aws_lb_kubebox_worker_id1_arn": {
                    "sensitive": false,
                    "type": "string",
                    "value": "arn:aws:elasticloadbalancing:us-west-2:641222230151:loadbalancer/net/kchung-09-28-21-28-40-id1/7f8b3a7812de2e77"
                },
                "aws_lb_target_group_kubebox_worker_id1_arn": {
                    "sensitive": false,
                    "type": "string",
                    "value": "arn:aws:elasticloadbalancing:us-west-2:641222230151:targetgroup/kchung-09-28-21-28-40-id1/d48f4dadf535f556"
                }
            },
            "resources": {
                "aws_eip.kubebox_worker_id1": {
                    "type": "aws_eip",
                    "depends_on": [],
                    "primary": {
                        "id": "eipalloc-0bf552c07a208ab12",
                        "attributes": {
                            "association_id": "",
                            "domain": "vpc",
                            "id": "eipalloc-0bf552c07a208ab12",
                            "instance": "",
                            "network_interface": "",
                            "private_ip": "",
                            "public_ip": "100.20.104.118",
                            "tags.%": "0",
                            "vpc": "true"
                        },
                        "meta": {
                            "e2bfb730-ecaa-11e6-8f88-34363bc7c4c0": {
                                "delete": 180000000000,
                                "read": 900000000000,
                                "update": 300000000000
                            }
                        },
                        "tainted": false
                    },
                    "deposed": [],
                    "provider": "provider.aws"
                },
                "aws_lb.kubebox_worker_id1": {
                    "type": "aws_lb",
                    "depends_on": [
                        "aws_eip.kubebox_worker_id1",
                        "data.terraform_remote_state.vpc"
                    ],
                    "primary": {
                        "id": "arn:aws:elasticloadbalancing:us-west-2:641222230151:loadbalancer/net/kchung-09-28-21-28-40-id1/7f8b3a7812de2e77",
                        "attributes": {
                            "access_logs.#": "0",
                            "arn": "arn:aws:elasticloadbalancing:us-west-2:641222230151:loadbalancer/net/kchung-09-28-21-28-40-id1/7f8b3a7812de2e77",
                            "arn_suffix": "net/kchung-09-28-21-28-40-id1/7f8b3a7812de2e77",
                            "dns_name": "kchung-09-28-21-28-40-id1-7f8b3a7812de2e77.elb.us-west-2.amazonaws.com",
                            "enable_cross_zone_load_balancing": "false",
                            "enable_deletion_protection": "false",
                            "id": "arn:aws:elasticloadbalancing:us-west-2:641222230151:loadbalancer/net/kchung-09-28-21-28-40-id1/7f8b3a7812de2e77",
                            "internal": "false",
                            "ip_address_type": "ipv4",
                            "load_balancer_type": "network",
                            "name": "kchung-09-28-21-28-40-id1",
                            "security_groups.#": "0",
                            "subnet_mapping.#": "1",
                            "subnet_mapping.266373996.allocation_id": "eipalloc-0bf552c07a208ab12",
                            "subnet_mapping.266373996.subnet_id": "subnet-0d0c37ab7ddbaa889",
                            "subnets.#": "1",
                            "subnets.832769679": "subnet-0d0c37ab7ddbaa889",
                            "tags.%": "2",
                            "tags.Name": "kchung-09-28-21-28-40-id1",
                            "tags.f5:blueops:owner": "kchung",
                            "vpc_id": "vpc-0952011a407f47c2c",
                            "zone_id": "Z18D5FSROUN65G"
                        },
                        "meta": {
                            "e2bfb730-ecaa-11e6-8f88-34363bc7c4c0": {
                                "create": 600000000000,
                                "delete": 600000000000,
                                "update": 600000000000
                            }
                        },
                        "tainted": false
                    },
                    "deposed": [],
                    "provider": "provider.aws"
                },
                "aws_lb_listener.kubebox_worker_id1": {
                    "type": "aws_lb_listener",
                    "depends_on": [
                        "aws_lb.kubebox_worker_id1",
                        "aws_lb_target_group.kubebox_worker_id1"
                    ],
                    "primary": {
                        "id": "arn:aws:elasticloadbalancing:us-west-2:641222230151:listener/net/kchung-09-28-21-28-40-id1/7f8b3a7812de2e77/d33da1e3459633a5",
                        "attributes": {
                            "arn": "arn:aws:elasticloadbalancing:us-west-2:641222230151:listener/net/kchung-09-28-21-28-40-id1/7f8b3a7812de2e77/d33da1e3459633a5",
                            "default_action.#": "1",
                            "default_action.0.target_group_arn": "arn:aws:elasticloadbalancing:us-west-2:641222230151:targetgroup/kchung-09-28-21-28-40-id1/d48f4dadf535f556",
                            "default_action.0.type": "forward",
                            "id": "arn:aws:elasticloadbalancing:us-west-2:641222230151:listener/net/kchung-09-28-21-28-40-id1/7f8b3a7812de2e77/d33da1e3459633a5",
                            "load_balancer_arn": "arn:aws:elasticloadbalancing:us-west-2:641222230151:loadbalancer/net/kchung-09-28-21-28-40-id1/7f8b3a7812de2e77",
                            "port": "80",
                            "protocol": "TCP",
                            "ssl_policy": ""
                        },
                        "meta": {},
                        "tainted": false
                    },
                    "deposed": [],
                    "provider": "provider.aws"
                },
                "aws_lb_target_group.kubebox_worker_id1": {
                    "type": "aws_lb_target_group",
                    "depends_on": [
                        "data.terraform_remote_state.vpc"
                    ],
                    "primary": {
                        "id": "arn:aws:elasticloadbalancing:us-west-2:641222230151:targetgroup/kchung-09-28-21-28-40-id1/d48f4dadf535f556",
                        "attributes": {
                            "arn": "arn:aws:elasticloadbalancing:us-west-2:641222230151:targetgroup/kchung-09-28-21-28-40-id1/d48f4dadf535f556",
                            "arn_suffix": "targetgroup/kchung-09-28-21-28-40-id1/d48f4dadf535f556",
                            "deregistration_delay": "300",
                            "health_check.#": "1",
                            "health_check.0.healthy_threshold": "3",
                            "health_check.0.interval": "30",
                            "health_check.0.matcher": "",
                            "health_check.0.path": "",
                            "health_check.0.port": "traffic-port",
                            "health_check.0.protocol": "TCP",
                            "health_check.0.timeout": "10",
                            "health_check.0.unhealthy_threshold": "3",
                            "id": "arn:aws:elasticloadbalancing:us-west-2:641222230151:targetgroup/kchung-09-28-21-28-40-id1/d48f4dadf535f556",
                            "name": "kchung-09-28-21-28-40-id1",
                            "port": "8080",
                            "protocol": "TCP",
                            "proxy_protocol_v2": "false",
                            "slow_start": "0",
                            "stickiness.#": "0",
                            "tags.%": "0",
                            "target_type": "instance",
                            "vpc_id": "vpc-0952011a407f47c2c"
                        },
                        "meta": {},
                        "tainted": false
                    },
                    "deposed": [],
                    "provider": "provider.aws"
                },
                "data.terraform_remote_state.sg": {
                    "type": "terraform_remote_state",
                    "depends_on": [],
                    "primary": {
                        "id": "2019-09-29 04:57:38.093438287 +0000 UTC",
                        "attributes": {
                            "backend": "local",
                            "config.%": "1",
                            "config.path": "/Users/kchung/mygithub/kube-box/provisioning/terraform/aws/nlb/../sg/terraform.tfstate",
                            "environment": "default",
                            "id": "2019-09-29 04:57:38.093438287 +0000 UTC",
                            "kubebox_master_id": "sg-06929373f2cc1d050",
                            "kubebox_worker_id": "sg-0347bb547d820ddee",
                            "workspace": "default"
                        },
                        "meta": {},
                        "tainted": false
                    },
                    "deposed": [],
                    "provider": "provider.terraform"
                },
                "data.terraform_remote_state.vpc": {
                    "type": "terraform_remote_state",
                    "depends_on": [],
                    "primary": {
                        "id": "2019-09-29 04:57:38.092354876 +0000 UTC",
                        "attributes": {
                            "backend": "local",
                            "config.%": "1",
                            "config.path": "/Users/kchung/mygithub/kube-box/provisioning/terraform/aws/nlb/../vpc/terraform.tfstate",
                            "environment": "default",
                            "id": "2019-09-29 04:57:38.092354876 +0000 UTC",
                            "subnet_id": "subnet-0d0c37ab7ddbaa889",
                            "vpc_cider_block": "10.0.0.0/16",
                            "vpcid": "vpc-0952011a407f47c2c",
                            "workspace": "default"
                        },
                        "meta": {},
                        "tainted": false
                    },
                    "deposed": [],
                    "provider": "provider.terraform"
                }
            },
            "depends_on": []
        }
    ]
}
