{
    "version": 3,
    "terraform_version": "0.11.7",
    "serial": 46,
    "lineage": "760b9bf5-b658-9b18-899f-b21929fbd53a",
    "modules": [
        {
            "path": [
                "root"
            ],
            "outputs": {
                "iam-role-name": {
                    "sensitive": false,
                    "type": "string",
                    "value": "kchung-09-28-22-29-15"
                },
                "instance_porflie_id": {
                    "sensitive": false,
                    "type": "string",
                    "value": "kchung-09-28-22-29-15"
                }
            },
            "resources": {
                "aws_iam_instance_profile.kubebox_iam": {
                    "type": "aws_iam_instance_profile",
                    "depends_on": [
                        "aws_iam_role.kubebox_iam"
                    ],
                    "primary": {
                        "id": "kchung-09-28-22-29-15",
                        "attributes": {
                            "arn": "arn:aws:iam::641222230151:instance-profile/kchung-09-28-22-29-15",
                            "create_date": "2019-09-29T05:30:00Z",
                            "id": "kchung-09-28-22-29-15",
                            "name": "kchung-09-28-22-29-15",
                            "path": "/",
                            "role": "kchung-09-28-22-29-15",
                            "roles.#": "0",
                            "unique_id": "AIPAZKS6SYCD6VIA5RERT"
                        },
                        "meta": {},
                        "tainted": false
                    },
                    "deposed": [],
                    "provider": "provider.aws"
                },
                "aws_iam_policy.kubebox_iam": {
                    "type": "aws_iam_policy",
                    "depends_on": [],
                    "primary": {
                        "id": "arn:aws:iam::641222230151:policy/kchung-09-28-22-29-15",
                        "attributes": {
                            "arn": "arn:aws:iam::641222230151:policy/kchung-09-28-22-29-15",
                            "description": "iam role",
                            "id": "arn:aws:iam::641222230151:policy/kchung-09-28-22-29-15",
                            "name": "kchung-09-28-22-29-15",
                            "path": "/",
                            "policy": "{\n  \"Version\": \"2012-10-17\",\n  \"Statement\": [\n    {\n      \"Action\": [\n        \"ec2:Describe*\"\n      ],\n      \"Effect\": \"Allow\",\n      \"Resource\": \"*\"\n    }\n  ]\n}\n"
                        },
                        "meta": {},
                        "tainted": false
                    },
                    "deposed": [],
                    "provider": "provider.aws"
                },
                "aws_iam_policy_attachment.kubebox_iam": {
                    "type": "aws_iam_policy_attachment",
                    "depends_on": [
                        "aws_iam_policy.kubebox_iam",
                        "aws_iam_role.kubebox_iam"
                    ],
                    "primary": {
                        "id": "kchung-09-28-22-29-15",
                        "attributes": {
                            "groups.#": "0",
                            "id": "kchung-09-28-22-29-15",
                            "name": "kchung-09-28-22-29-15",
                            "policy_arn": "arn:aws:iam::641222230151:policy/kchung-09-28-22-29-15",
                            "roles.#": "1",
                            "roles.1371992050": "kchung-09-28-22-29-15",
                            "users.#": "0"
                        },
                        "meta": {},
                        "tainted": false
                    },
                    "deposed": [],
                    "provider": "provider.aws"
                },
                "aws_iam_role.kubebox_iam": {
                    "type": "aws_iam_role",
                    "depends_on": [],
                    "primary": {
                        "id": "kchung-09-28-22-29-15",
                        "attributes": {
                            "arn": "arn:aws:iam::641222230151:role/kchung-09-28-22-29-15",
                            "assume_role_policy": "{\"Version\":\"2012-10-17\",\"Statement\":[{\"Sid\":\"\",\"Effect\":\"Allow\",\"Principal\":{\"Service\":\"ec2.amazonaws.com\"},\"Action\":\"sts:AssumeRole\"}]}",
                            "create_date": "2019-09-29T05:29:59Z",
                            "description": "",
                            "force_detach_policies": "false",
                            "id": "kchung-09-28-22-29-15",
                            "max_session_duration": "3600",
                            "name": "kchung-09-28-22-29-15",
                            "path": "/",
                            "unique_id": "AROAZKS6SYCDTXJUYEXBR"
                        },
                        "meta": {},
                        "tainted": false
                    },
                    "deposed": [],
                    "provider": "provider.aws"
                }
            },
            "depends_on": []
        }
    ]
}
