{
    "version": 3,
    "terraform_version": "0.11.7",
    "serial": 84,
    "lineage": "39003942-523c-c1a7-5109-fb4e28d90a85",
    "modules": [
        {
            "path": [
                "root"
            ],
            "outputs": {
                "kubebox_master_id": {
                    "sensitive": false,
                    "type": "string",
                    "value": "sg-08fb80c3826c59646"
                },
                "kubebox_worker_id": {
                    "sensitive": false,
                    "type": "string",
                    "value": "sg-0081b93fef65f238b"
                }
            },
            "resources": {
                "aws_security_group.kubebox_master": {
                    "type": "aws_security_group",
                    "depends_on": [
                        "data.terraform_remote_state.vpc"
                    ],
                    "primary": {
                        "id": "sg-08fb80c3826c59646",
                        "attributes": {
                            "arn": "arn:aws:ec2:us-west-2:641222230151:security-group/sg-08fb80c3826c59646",
                            "description": "Managed by Terraform",
                            "egress.#": "0",
                            "id": "sg-08fb80c3826c59646",
                            "ingress.#": "4",
                            "ingress.2214680975.cidr_blocks.#": "1",
                            "ingress.2214680975.cidr_blocks.0": "0.0.0.0/0",
                            "ingress.2214680975.description": "",
                            "ingress.2214680975.from_port": "80",
                            "ingress.2214680975.ipv6_cidr_blocks.#": "0",
                            "ingress.2214680975.protocol": "tcp",
                            "ingress.2214680975.security_groups.#": "0",
                            "ingress.2214680975.self": "false",
                            "ingress.2214680975.to_port": "80",
                            "ingress.2541437006.cidr_blocks.#": "1",
                            "ingress.2541437006.cidr_blocks.0": "0.0.0.0/0",
                            "ingress.2541437006.description": "",
                            "ingress.2541437006.from_port": "22",
                            "ingress.2541437006.ipv6_cidr_blocks.#": "0",
                            "ingress.2541437006.protocol": "tcp",
                            "ingress.2541437006.security_groups.#": "0",
                            "ingress.2541437006.self": "false",
                            "ingress.2541437006.to_port": "22",
                            "ingress.2617001939.cidr_blocks.#": "1",
                            "ingress.2617001939.cidr_blocks.0": "0.0.0.0/0",
                            "ingress.2617001939.description": "",
                            "ingress.2617001939.from_port": "443",
                            "ingress.2617001939.ipv6_cidr_blocks.#": "0",
                            "ingress.2617001939.protocol": "tcp",
                            "ingress.2617001939.security_groups.#": "0",
                            "ingress.2617001939.self": "false",
                            "ingress.2617001939.to_port": "443",
                            "ingress.3581498979.cidr_blocks.#": "1",
                            "ingress.3581498979.cidr_blocks.0": "10.0.0.0/16",
                            "ingress.3581498979.description": "",
                            "ingress.3581498979.from_port": "0",
                            "ingress.3581498979.ipv6_cidr_blocks.#": "0",
                            "ingress.3581498979.protocol": "tcp",
                            "ingress.3581498979.security_groups.#": "0",
                            "ingress.3581498979.self": "false",
                            "ingress.3581498979.to_port": "65535",
                            "name": "kchung-09-28-22-29-15-master",
                            "owner_id": "641222230151",
                            "revoke_rules_on_delete": "false",
                            "tags.%": "1",
                            "tags.Name": "kchung-09-28-22-29-15-master",
                            "vpc_id": "vpc-091e6fd8043f35967"
                        },
                        "meta": {
                            "e2bfb730-ecaa-11e6-8f88-34363bc7c4c0": {
                                "create": 600000000000,
                                "delete": 600000000000
                            },
                            "schema_version": "1"
                        },
                        "tainted": false
                    },
                    "deposed": [],
                    "provider": "provider.aws"
                },
                "aws_security_group.kubebox_worker": {
                    "type": "aws_security_group",
                    "depends_on": [
                        "data.terraform_remote_state.vpc"
                    ],
                    "primary": {
                        "id": "sg-0081b93fef65f238b",
                        "attributes": {
                            "arn": "arn:aws:ec2:us-west-2:641222230151:security-group/sg-0081b93fef65f238b",
                            "description": "Managed by Terraform",
                            "egress.#": "0",
                            "id": "sg-0081b93fef65f238b",
                            "ingress.#": "0",
                            "name": "kchung-09-28-22-29-15-worker",
                            "owner_id": "641222230151",
                            "revoke_rules_on_delete": "false",
                            "tags.%": "1",
                            "tags.Name": "kchung-09-28-22-29-15-worker",
                            "vpc_id": "vpc-091e6fd8043f35967"
                        },
                        "meta": {
                            "e2bfb730-ecaa-11e6-8f88-34363bc7c4c0": {
                                "create": 600000000000,
                                "delete": 600000000000
                            },
                            "schema_version": "1"
                        },
                        "tainted": false
                    },
                    "deposed": [],
                    "provider": "provider.aws"
                },
                "aws_security_group_rule.kubebox_worker_id1": {
                    "type": "aws_security_group_rule",
                    "depends_on": [
                        "aws_security_group.kubebox_worker",
                        "data.terraform_remote_state.vpc"
                    ],
                    "primary": {
                        "id": "sgrule-1950129117",
                        "attributes": {
                            "cidr_blocks.#": "1",
                            "cidr_blocks.0": "10.0.0.0/16",
                            "from_port": "0",
                            "id": "sgrule-1950129117",
                            "protocol": "tcp",
                            "security_group_id": "sg-0081b93fef65f238b",
                            "self": "false",
                            "to_port": "65535",
                            "type": "ingress"
                        },
                        "meta": {
                            "schema_version": "2"
                        },
                        "tainted": false
                    },
                    "deposed": [],
                    "provider": "provider.aws"
                },
                "aws_security_group_rule.kubebox_worker_id2": {
                    "type": "aws_security_group_rule",
                    "depends_on": [
                        "aws_security_group.kubebox_worker"
                    ],
                    "primary": {
                        "id": "sgrule-3602428006",
                        "attributes": {
                            "cidr_blocks.#": "1",
                            "cidr_blocks.0": "0.0.0.0/0",
                            "from_port": "22",
                            "id": "sgrule-3602428006",
                            "protocol": "tcp",
                            "security_group_id": "sg-0081b93fef65f238b",
                            "self": "false",
                            "to_port": "22",
                            "type": "ingress"
                        },
                        "meta": {
                            "schema_version": "2"
                        },
                        "tainted": false
                    },
                    "deposed": [],
                    "provider": "provider.aws"
                },
                "aws_security_group_rule.kubebox_worker_id3": {
                    "type": "aws_security_group_rule",
                    "depends_on": [
                        "aws_security_group.kubebox_worker"
                    ],
                    "primary": {
                        "id": "sgrule-1613950419",
                        "attributes": {
                            "cidr_blocks.#": "1",
                            "cidr_blocks.0": "0.0.0.0/0",
                            "from_port": "80",
                            "id": "sgrule-1613950419",
                            "protocol": "tcp",
                            "security_group_id": "sg-0081b93fef65f238b",
                            "self": "false",
                            "to_port": "80",
                            "type": "ingress"
                        },
                        "meta": {
                            "schema_version": "2"
                        },
                        "tainted": false
                    },
                    "deposed": [],
                    "provider": "provider.aws"
                },
                "aws_security_group_rule.kubebox_worker_id4": {
                    "type": "aws_security_group_rule",
                    "depends_on": [
                        "aws_security_group.kubebox_worker"
                    ],
                    "primary": {
                        "id": "sgrule-3532458713",
                        "attributes": {
                            "cidr_blocks.#": "1",
                            "cidr_blocks.0": "0.0.0.0/0",
                            "from_port": "443",
                            "id": "sgrule-3532458713",
                            "protocol": "tcp",
                            "security_group_id": "sg-0081b93fef65f238b",
                            "self": "false",
                            "to_port": "443",
                            "type": "ingress"
                        },
                        "meta": {
                            "schema_version": "2"
                        },
                        "tainted": false
                    },
                    "deposed": [],
                    "provider": "provider.aws"
                },
                "data.terraform_remote_state.vpc": {
                    "type": "terraform_remote_state",
                    "depends_on": [],
                    "primary": {
                        "id": "2019-09-29 05:30:25.872151547 +0000 UTC",
                        "attributes": {
                            "backend": "local",
                            "config.%": "1",
                            "config.path": "/Users/kchung/mygithub/kube-box/provisioning/terraform/aws/sg/../vpc/terraform.tfstate",
                            "environment": "default",
                            "id": "2019-09-29 05:30:25.872151547 +0000 UTC",
                            "subnet_id": "subnet-0eb3d740b39b6337a",
                            "vpc_cider_block": "10.0.0.0/16",
                            "vpcid": "vpc-091e6fd8043f35967",
                            "workspace": "default"
                        },
                        "meta": {},
                        "tainted": false
                    },
                    "deposed": [],
                    "provider": "provider.terraform"
                }
            },
            "depends_on": []
        }
    ]
}
