{
    "version": 3,
    "terraform_version": "0.11.7",
    "serial": 91,
    "lineage": "1e1e2fe0-e205-4a03-a1d1-fb6d16b406b3",
    "modules": [
        {
            "path": [
                "root"
            ],
            "outputs": {
                "subnet_id": {
                    "sensitive": false,
                    "type": "string",
                    "value": "subnet-0eb3d740b39b6337a"
                },
                "vpc_cider_block": {
                    "sensitive": false,
                    "type": "string",
                    "value": "10.0.0.0/16"
                },
                "vpcid": {
                    "sensitive": false,
                    "type": "string",
                    "value": "vpc-091e6fd8043f35967"
                }
            },
            "resources": {
                "aws_internet_gateway.kubebox": {
                    "type": "aws_internet_gateway",
                    "depends_on": [
                        "aws_vpc.kubebox"
                    ],
                    "primary": {
                        "id": "igw-092ca41e25667b587",
                        "attributes": {
                            "id": "igw-092ca41e25667b587",
                            "tags.%": "2",
                            "tags.AutoPrune": "true",
                            "tags.Name": "kchung-09-28-22-29-15",
                            "vpc_id": "vpc-091e6fd8043f35967"
                        },
                        "meta": {},
                        "tainted": false
                    },
                    "deposed": [],
                    "provider": "provider.aws"
                },
                "aws_route_table.kubebox": {
                    "type": "aws_route_table",
                    "depends_on": [
                        "aws_internet_gateway.kubebox",
                        "aws_vpc.kubebox"
                    ],
                    "primary": {
                        "id": "rtb-0ba02ee7859687115",
                        "attributes": {
                            "id": "rtb-0ba02ee7859687115",
                            "propagating_vgws.#": "0",
                            "route.#": "1",
                            "route.1418342627.cidr_block": "0.0.0.0/0",
                            "route.1418342627.egress_only_gateway_id": "",
                            "route.1418342627.gateway_id": "igw-092ca41e25667b587",
                            "route.1418342627.instance_id": "",
                            "route.1418342627.ipv6_cidr_block": "",
                            "route.1418342627.nat_gateway_id": "",
                            "route.1418342627.network_interface_id": "",
                            "route.1418342627.vpc_peering_connection_id": "",
                            "tags.%": "2",
                            "tags.AutoPrune": "true",
                            "tags.Name": "kchung-09-28-22-29-15",
                            "vpc_id": "vpc-091e6fd8043f35967"
                        },
                        "meta": {},
                        "tainted": false
                    },
                    "deposed": [],
                    "provider": "provider.aws"
                },
                "aws_route_table_association.kubebox": {
                    "type": "aws_route_table_association",
                    "depends_on": [
                        "aws_route_table.kubebox",
                        "aws_subnet.kubebox"
                    ],
                    "primary": {
                        "id": "rtbassoc-0b4702fa6cf20204c",
                        "attributes": {
                            "id": "rtbassoc-0b4702fa6cf20204c",
                            "route_table_id": "rtb-0ba02ee7859687115",
                            "subnet_id": "subnet-0eb3d740b39b6337a"
                        },
                        "meta": {},
                        "tainted": false
                    },
                    "deposed": [],
                    "provider": "provider.aws"
                },
                "aws_subnet.kubebox": {
                    "type": "aws_subnet",
                    "depends_on": [
                        "aws_vpc.kubebox"
                    ],
                    "primary": {
                        "id": "subnet-0eb3d740b39b6337a",
                        "attributes": {
                            "arn": "arn:aws:ec2:us-west-2:641222230151:subnet/subnet-0eb3d740b39b6337a",
                            "assign_ipv6_address_on_creation": "false",
                            "availability_zone": "us-west-2b",
                            "cidr_block": "10.0.0.0/24",
                            "id": "subnet-0eb3d740b39b6337a",
                            "map_public_ip_on_launch": "true",
                            "tags.%": "2",
                            "tags.AutoPrune": "true",
                            "tags.Name": "kchung-09-28-22-29-15",
                            "vpc_id": "vpc-091e6fd8043f35967"
                        },
                        "meta": {
                            "schema_version": "1"
                        },
                        "tainted": false
                    },
                    "deposed": [],
                    "provider": "provider.aws"
                },
                "aws_vpc.kubebox": {
                    "type": "aws_vpc",
                    "depends_on": [
                        "local.aws_vpc_cider_block"
                    ],
                    "primary": {
                        "id": "vpc-091e6fd8043f35967",
                        "attributes": {
                            "arn": "arn:aws:ec2:us-west-2:641222230151:vpc/vpc-091e6fd8043f35967",
                            "assign_generated_ipv6_cidr_block": "false",
                            "cidr_block": "10.0.0.0/16",
                            "default_network_acl_id": "acl-02f3ad83ecf96ff8c",
                            "default_route_table_id": "rtb-05d70d950ee929a2b",
                            "default_security_group_id": "sg-0a580a0178ea0d41a",
                            "dhcp_options_id": "dopt-c56efca3",
                            "enable_classiclink": "false",
                            "enable_classiclink_dns_support": "false",
                            "enable_dns_hostnames": "true",
                            "enable_dns_support": "true",
                            "id": "vpc-091e6fd8043f35967",
                            "instance_tenancy": "default",
                            "main_route_table_id": "rtb-05d70d950ee929a2b",
                            "tags.%": "2",
                            "tags.AutoPrune": "true",
                            "tags.Name": "kchung-09-28-22-29-15"
                        },
                        "meta": {
                            "schema_version": "1"
                        },
                        "tainted": false
                    },
                    "deposed": [],
                    "provider": "provider.aws"
                }
            },
            "depends_on": []
        }
    ]
}
