{
    "version": 3,
    "terraform_version": "0.11.7",
    "serial": 14,
    "lineage": "5859c1da-aea4-14cc-ada6-d6ebe26199a9",
    "modules": [
        {
            "path": [
                "root"
            ],
            "outputs": {
                "network_interface_id": {
                    "sensitive": false,
                    "type": "list",
                    "value": [
                        "10.0.0.97"
                    ]
                }
            },
            "resources": {
                "aws_network_interface.nic": {
                    "type": "aws_network_interface",
                    "depends_on": [
                        "data.terraform_remote_state.instances"
                    ],
                    "primary": {
                        "id": "eni-0dd5f91f56ce58502",
                        "attributes": {
                            "attachment.#": "1",
                            "attachment.2135535315.attachment_id": "eni-attach-0028954acc07eb0e4",
                            "attachment.2135535315.device_index": "0",
                            "attachment.2135535315.instance": "i-023d7a1ae31168b56",
                            "description": "",
                            "id": "eni-0dd5f91f56ce58502",
                            "private_dns_name": "ip-10-0-0-97.ec2.internal",
                            "private_ip": "10.0.0.97",
                            "private_ips.#": "1",
                            "private_ips.3410427061": "10.0.0.97",
                            "private_ips_count": "2",
                            "security_groups.#": "2",
                            "security_groups.2016425548": "sg-0a16fdfbc3b61aefa",
                            "security_groups.830573133": "sg-0f72d5b9d0e2cdab4",
                            "source_dest_check": "true",
                            "subnet_id": "subnet-0d04a0533bee4dec9",
                            "tags.%": "0"
                        },
                        "meta": {},
                        "tainted": false
                    },
                    "deposed": [],
                    "provider": "provider.aws"
                },
                "data.aws_network_interface.nic": {
                    "type": "aws_network_interface",
                    "depends_on": [
                        "data.terraform_remote_state.instances"
                    ],
                    "primary": {
                        "id": "eni-0dd5f91f56ce58502",
                        "attributes": {
                            "association.#": "1",
                            "association.0.allocation_id": "",
                            "association.0.association_id": "",
                            "association.0.ip_owner_id": "amazon",
                            "association.0.public_dns_name": "ec2-54-210-181-194.compute-1.amazonaws.com",
                            "association.0.public_ip": "54.210.181.194",
                            "availability_zone": "us-east-1b",
                            "description": "",
                            "id": "eni-0dd5f91f56ce58502",
                            "interface_type": "interface",
                            "ipv6_addresses.#": "0",
                            "mac_address": "0a:12:02:71:5f:60",
                            "owner_id": "641222230151",
                            "private_dns_name": "ip-10-0-0-97.ec2.internal",
                            "private_ips.#": "1",
                            "private_ips.0": "10.0.0.97",
                            "requester_id": "",
                            "security_groups.#": "2",
                            "security_groups.1800780302": "sg-0f72d5b9d0e2cdab4",
                            "security_groups.471546660": "sg-0a16fdfbc3b61aefa",
                            "subnet_id": "subnet-0d04a0533bee4dec9",
                            "tags.%": "0",
                            "vpc_id": "vpc-0eefb82673c28dfa8"
                        },
                        "meta": {},
                        "tainted": false
                    },
                    "deposed": [],
                    "provider": "provider.aws"
                },
                "data.terraform_remote_state.instances": {
                    "type": "terraform_remote_state",
                    "depends_on": [],
                    "primary": {
                        "id": "2018-08-13 17:32:54.318955705 +0000 UTC",
                        "attributes": {
                            "backend": "local",
                            "config.%": "1",
                            "config.path": "/Users/kchung/go/src/gitswarm.f5net.com/blue/terraform-aws/aws/nic/../instances/terraform.tfstate",
                            "environment": "default",
                            "id": "2018-08-13 17:32:54.318955705 +0000 UTC",
                            "network_interface_id": "eni-0dd5f91f56ce58502",
                            "workspace": "default"
                        },
                        "meta": {},
                        "tainted": false
                    },
                    "deposed": [],
                    "provider": "provider.terraform"
                },
                "data.terraform_remote_state.sg": {
                    "type": "terraform_remote_state",
                    "depends_on": [],
                    "primary": {
                        "id": "2018-08-13 17:32:54.319117816 +0000 UTC",
                        "attributes": {
                            "backend": "local",
                            "config.%": "1",
                            "config.path": "/Users/kchung/go/src/gitswarm.f5net.com/blue/terraform-aws/aws/nic/../sg/terraform.tfstate",
                            "environment": "default",
                            "id": "2018-08-13 17:32:54.319117816 +0000 UTC",
                            "traffic_control_id": "sg-0a16fdfbc3b61aefa",
                            "traffic_worker_id": "sg-0f72d5b9d0e2cdab4",
                            "workspace": "default"
                        },
                        "meta": {},
                        "tainted": false
                    },
                    "deposed": [],
                    "provider": "provider.terraform"
                },
                "data.terraform_remote_state.vpc": {
                    "type": "terraform_remote_state",
                    "depends_on": [],
                    "primary": {
                        "id": "2018-08-13 17:32:54.31855242 +0000 UTC",
                        "attributes": {
                            "backend": "local",
                            "config.%": "1",
                            "config.path": "/Users/kchung/go/src/gitswarm.f5net.com/blue/terraform-aws/aws/nic/../vpc/terraform.tfstate",
                            "environment": "default",
                            "id": "2018-08-13 17:32:54.31855242 +0000 UTC",
                            "subnet_id": "subnet-0d04a0533bee4dec9",
                            "vpc_cider_block": "10.0.0.0/16",
                            "vpcid": "vpc-0eefb82673c28dfa8",
                            "workspace": "default"
                        },
                        "meta": {},
                        "tainted": false
                    },
                    "deposed": [],
                    "provider": "provider.terraform"
                }
            },
            "depends_on": []
        }
    ]
}
