{
    "version": 3,
    "terraform_version": "0.11.7",
    "serial": 179,
    "lineage": "9deb59ef-e8f6-f983-84cf-fda38d840278",
    "modules": [
        {
            "path": [
                "root"
            ],
            "outputs": {
                "aws_instance_kubebox_master_private_ip": {
                    "sensitive": false,
                    "type": "list",
                    "value": [
                        "10.0.0.88",
                        "10.0.0.244",
                        "10.0.0.61"
                    ]
                },
                "aws_instance_kubebox_master_public_ip": {
                    "sensitive": false,
                    "type": "list",
                    "value": [
                        "54.200.231.132",
                        "54.213.76.63",
                        "54.244.56.195"
                    ]
                },
                "aws_instance_worker_instance_private_ip": {
                    "sensitive": false,
                    "type": "list",
                    "value": [
                        "10.0.0.148",
                        "10.0.0.31",
                        "10.0.0.193"
                    ]
                },
                "aws_instance_worker_instance_public_ip": {
                    "sensitive": false,
                    "type": "list",
                    "value": [
                        "35.165.209.143",
                        "52.26.77.42",
                        "18.236.179.98"
                    ]
                }
            },
            "resources": {
                "aws_instance.kubebox_master.0": {
                    "type": "aws_instance",
                    "depends_on": [
                        "data.terraform_remote_state.iam",
                        "data.terraform_remote_state.keypair",
                        "data.terraform_remote_state.sg",
                        "data.terraform_remote_state.vpc"
                    ],
                    "primary": {
                        "id": "i-055530f31591350e0",
                        "attributes": {
                            "ami": "ami-06f2f779464715dc5",
                            "arn": "arn:aws:ec2:us-west-2:641222230151:instance/i-055530f31591350e0",
                            "associate_public_ip_address": "true",
                            "availability_zone": "us-west-2b",
                            "cpu_core_count": "1",
                            "cpu_threads_per_core": "1",
                            "credit_specification.#": "1",
                            "credit_specification.0.cpu_credits": "standard",
                            "disable_api_termination": "false",
                            "ebs_block_device.#": "0",
                            "ebs_optimized": "false",
                            "ephemeral_block_device.#": "0",
                            "get_password_data": "false",
                            "iam_instance_profile": "kchung-09-28-22-29-15",
                            "id": "i-055530f31591350e0",
                            "instance_state": "running",
                            "instance_type": "t2.micro",
                            "ipv6_addresses.#": "0",
                            "key_name": "kchung-09-28-22-29-15",
                            "monitoring": "false",
                            "network_interface.#": "0",
                            "network_interface_id": "eni-0bf8a50ff6bd9ee13",
                            "password_data": "",
                            "placement_group": "",
                            "primary_network_interface_id": "eni-0bf8a50ff6bd9ee13",
                            "private_dns": "ip-10-0-0-88.us-west-2.compute.internal",
                            "private_ip": "10.0.0.88",
                            "public_dns": "ec2-54-200-231-132.us-west-2.compute.amazonaws.com",
                            "public_ip": "54.200.231.132",
                            "root_block_device.#": "1",
                            "root_block_device.0.delete_on_termination": "true",
                            "root_block_device.0.iops": "100",
                            "root_block_device.0.volume_id": "vol-056f4b7b499e0ec55",
                            "root_block_device.0.volume_size": "8",
                            "root_block_device.0.volume_type": "gp2",
                            "security_groups.#": "0",
                            "source_dest_check": "true",
                            "subnet_id": "subnet-0eb3d740b39b6337a",
                            "tags.%": "2",
                            "tags.Name": "kchung-09-28-22-29-15-master-0",
                            "tags.f5:blueops:owner": "kchung",
                            "tenancy": "default",
                            "volume_tags.%": "0",
                            "vpc_security_group_ids.#": "1",
                            "vpc_security_group_ids.4069008878": "sg-08fb80c3826c59646"
                        },
                        "meta": {
                            "e2bfb730-ecaa-11e6-8f88-34363bc7c4c0": {
                                "create": 600000000000,
                                "delete": 1200000000000,
                                "update": 600000000000
                            },
                            "schema_version": "1"
                        },
                        "tainted": false
                    },
                    "deposed": [],
                    "provider": "provider.aws"
                },
                "aws_instance.kubebox_master.1": {
                    "type": "aws_instance",
                    "depends_on": [
                        "data.terraform_remote_state.iam",
                        "data.terraform_remote_state.keypair",
                        "data.terraform_remote_state.sg",
                        "data.terraform_remote_state.vpc"
                    ],
                    "primary": {
                        "id": "i-0b2a1447bc53e1ac0",
                        "attributes": {
                            "ami": "ami-06f2f779464715dc5",
                            "arn": "arn:aws:ec2:us-west-2:641222230151:instance/i-0b2a1447bc53e1ac0",
                            "associate_public_ip_address": "true",
                            "availability_zone": "us-west-2b",
                            "cpu_core_count": "1",
                            "cpu_threads_per_core": "1",
                            "credit_specification.#": "1",
                            "credit_specification.0.cpu_credits": "standard",
                            "disable_api_termination": "false",
                            "ebs_block_device.#": "0",
                            "ebs_optimized": "false",
                            "ephemeral_block_device.#": "0",
                            "get_password_data": "false",
                            "iam_instance_profile": "kchung-09-28-22-29-15",
                            "id": "i-0b2a1447bc53e1ac0",
                            "instance_state": "running",
                            "instance_type": "t2.micro",
                            "ipv6_addresses.#": "0",
                            "key_name": "kchung-09-28-22-29-15",
                            "monitoring": "false",
                            "network_interface.#": "0",
                            "network_interface_id": "eni-05e78b3abd7b462bc",
                            "password_data": "",
                            "placement_group": "",
                            "primary_network_interface_id": "eni-05e78b3abd7b462bc",
                            "private_dns": "ip-10-0-0-244.us-west-2.compute.internal",
                            "private_ip": "10.0.0.244",
                            "public_dns": "ec2-54-213-76-63.us-west-2.compute.amazonaws.com",
                            "public_ip": "54.213.76.63",
                            "root_block_device.#": "1",
                            "root_block_device.0.delete_on_termination": "true",
                            "root_block_device.0.iops": "100",
                            "root_block_device.0.volume_id": "vol-02e0273eab93b33ee",
                            "root_block_device.0.volume_size": "8",
                            "root_block_device.0.volume_type": "gp2",
                            "security_groups.#": "0",
                            "source_dest_check": "true",
                            "subnet_id": "subnet-0eb3d740b39b6337a",
                            "tags.%": "2",
                            "tags.Name": "kchung-09-28-22-29-15-master-1",
                            "tags.f5:blueops:owner": "kchung",
                            "tenancy": "default",
                            "volume_tags.%": "0",
                            "vpc_security_group_ids.#": "1",
                            "vpc_security_group_ids.4069008878": "sg-08fb80c3826c59646"
                        },
                        "meta": {
                            "e2bfb730-ecaa-11e6-8f88-34363bc7c4c0": {
                                "create": 600000000000,
                                "delete": 1200000000000,
                                "update": 600000000000
                            },
                            "schema_version": "1"
                        },
                        "tainted": false
                    },
                    "deposed": [],
                    "provider": "provider.aws"
                },
                "aws_instance.kubebox_master.2": {
                    "type": "aws_instance",
                    "depends_on": [
                        "data.terraform_remote_state.iam",
                        "data.terraform_remote_state.keypair",
                        "data.terraform_remote_state.sg",
                        "data.terraform_remote_state.vpc"
                    ],
                    "primary": {
                        "id": "i-0176afbd34d0425b7",
                        "attributes": {
                            "ami": "ami-06f2f779464715dc5",
                            "arn": "arn:aws:ec2:us-west-2:641222230151:instance/i-0176afbd34d0425b7",
                            "associate_public_ip_address": "true",
                            "availability_zone": "us-west-2b",
                            "cpu_core_count": "1",
                            "cpu_threads_per_core": "1",
                            "credit_specification.#": "1",
                            "credit_specification.0.cpu_credits": "standard",
                            "disable_api_termination": "false",
                            "ebs_block_device.#": "0",
                            "ebs_optimized": "false",
                            "ephemeral_block_device.#": "0",
                            "get_password_data": "false",
                            "iam_instance_profile": "kchung-09-28-22-29-15",
                            "id": "i-0176afbd34d0425b7",
                            "instance_state": "running",
                            "instance_type": "t2.micro",
                            "ipv6_addresses.#": "0",
                            "key_name": "kchung-09-28-22-29-15",
                            "monitoring": "false",
                            "network_interface.#": "0",
                            "network_interface_id": "eni-0f2154bc022e03031",
                            "password_data": "",
                            "placement_group": "",
                            "primary_network_interface_id": "eni-0f2154bc022e03031",
                            "private_dns": "ip-10-0-0-61.us-west-2.compute.internal",
                            "private_ip": "10.0.0.61",
                            "public_dns": "ec2-54-244-56-195.us-west-2.compute.amazonaws.com",
                            "public_ip": "54.244.56.195",
                            "root_block_device.#": "1",
                            "root_block_device.0.delete_on_termination": "true",
                            "root_block_device.0.iops": "100",
                            "root_block_device.0.volume_id": "vol-03379bd85b0fa3611",
                            "root_block_device.0.volume_size": "8",
                            "root_block_device.0.volume_type": "gp2",
                            "security_groups.#": "0",
                            "source_dest_check": "true",
                            "subnet_id": "subnet-0eb3d740b39b6337a",
                            "tags.%": "2",
                            "tags.Name": "kchung-09-28-22-29-15-master-2",
                            "tags.f5:blueops:owner": "kchung",
                            "tenancy": "default",
                            "volume_tags.%": "0",
                            "vpc_security_group_ids.#": "1",
                            "vpc_security_group_ids.4069008878": "sg-08fb80c3826c59646"
                        },
                        "meta": {
                            "e2bfb730-ecaa-11e6-8f88-34363bc7c4c0": {
                                "create": 600000000000,
                                "delete": 1200000000000,
                                "update": 600000000000
                            },
                            "schema_version": "1"
                        },
                        "tainted": false
                    },
                    "deposed": [],
                    "provider": "provider.aws"
                },
                "aws_instance.worker_instance.0": {
                    "type": "aws_instance",
                    "depends_on": [
                        "data.terraform_remote_state.iam",
                        "data.terraform_remote_state.keypair",
                        "data.terraform_remote_state.sg",
                        "data.terraform_remote_state.vpc"
                    ],
                    "primary": {
                        "id": "i-074ea21c6323e3386",
                        "attributes": {
                            "ami": "ami-06f2f779464715dc5",
                            "arn": "arn:aws:ec2:us-west-2:641222230151:instance/i-074ea21c6323e3386",
                            "associate_public_ip_address": "true",
                            "availability_zone": "us-west-2b",
                            "cpu_core_count": "1",
                            "cpu_threads_per_core": "1",
                            "credit_specification.#": "1",
                            "credit_specification.0.cpu_credits": "standard",
                            "disable_api_termination": "false",
                            "ebs_block_device.#": "0",
                            "ebs_optimized": "false",
                            "ephemeral_block_device.#": "0",
                            "get_password_data": "false",
                            "iam_instance_profile": "kchung-09-28-22-29-15",
                            "id": "i-074ea21c6323e3386",
                            "instance_state": "running",
                            "instance_type": "t2.micro",
                            "ipv6_addresses.#": "0",
                            "key_name": "kchung-09-28-22-29-15",
                            "monitoring": "false",
                            "network_interface.#": "0",
                            "network_interface_id": "eni-01af60b6ed67979c5",
                            "password_data": "",
                            "placement_group": "",
                            "primary_network_interface_id": "eni-01af60b6ed67979c5",
                            "private_dns": "ip-10-0-0-148.us-west-2.compute.internal",
                            "private_ip": "10.0.0.148",
                            "public_dns": "ec2-35-165-209-143.us-west-2.compute.amazonaws.com",
                            "public_ip": "35.165.209.143",
                            "root_block_device.#": "1",
                            "root_block_device.0.delete_on_termination": "true",
                            "root_block_device.0.iops": "100",
                            "root_block_device.0.volume_id": "vol-0e5e37ebfd82cb1a6",
                            "root_block_device.0.volume_size": "8",
                            "root_block_device.0.volume_type": "gp2",
                            "security_groups.#": "0",
                            "source_dest_check": "true",
                            "subnet_id": "subnet-0eb3d740b39b6337a",
                            "tags.%": "2",
                            "tags.Name": "kchung-09-28-22-29-15-worker-0",
                            "tags.f5:blueops:owner": "kchung",
                            "tenancy": "default",
                            "volume_tags.%": "0",
                            "vpc_security_group_ids.#": "2",
                            "vpc_security_group_ids.3599288745": "sg-0081b93fef65f238b",
                            "vpc_security_group_ids.4069008878": "sg-08fb80c3826c59646"
                        },
                        "meta": {
                            "e2bfb730-ecaa-11e6-8f88-34363bc7c4c0": {
                                "create": 600000000000,
                                "delete": 1200000000000,
                                "update": 600000000000
                            },
                            "schema_version": "1"
                        },
                        "tainted": false
                    },
                    "deposed": [],
                    "provider": "provider.aws"
                },
                "aws_instance.worker_instance.1": {
                    "type": "aws_instance",
                    "depends_on": [
                        "data.terraform_remote_state.iam",
                        "data.terraform_remote_state.keypair",
                        "data.terraform_remote_state.sg",
                        "data.terraform_remote_state.vpc"
                    ],
                    "primary": {
                        "id": "i-0dac6d916c19267e5",
                        "attributes": {
                            "ami": "ami-06f2f779464715dc5",
                            "arn": "arn:aws:ec2:us-west-2:641222230151:instance/i-0dac6d916c19267e5",
                            "associate_public_ip_address": "true",
                            "availability_zone": "us-west-2b",
                            "cpu_core_count": "1",
                            "cpu_threads_per_core": "1",
                            "credit_specification.#": "1",
                            "credit_specification.0.cpu_credits": "standard",
                            "disable_api_termination": "false",
                            "ebs_block_device.#": "0",
                            "ebs_optimized": "false",
                            "ephemeral_block_device.#": "0",
                            "get_password_data": "false",
                            "iam_instance_profile": "kchung-09-28-22-29-15",
                            "id": "i-0dac6d916c19267e5",
                            "instance_state": "running",
                            "instance_type": "t2.micro",
                            "ipv6_addresses.#": "0",
                            "key_name": "kchung-09-28-22-29-15",
                            "monitoring": "false",
                            "network_interface.#": "0",
                            "network_interface_id": "eni-05e18bdf573418185",
                            "password_data": "",
                            "placement_group": "",
                            "primary_network_interface_id": "eni-05e18bdf573418185",
                            "private_dns": "ip-10-0-0-31.us-west-2.compute.internal",
                            "private_ip": "10.0.0.31",
                            "public_dns": "ec2-52-26-77-42.us-west-2.compute.amazonaws.com",
                            "public_ip": "52.26.77.42",
                            "root_block_device.#": "1",
                            "root_block_device.0.delete_on_termination": "true",
                            "root_block_device.0.iops": "100",
                            "root_block_device.0.volume_id": "vol-0c1e357e46d0fc7d0",
                            "root_block_device.0.volume_size": "8",
                            "root_block_device.0.volume_type": "gp2",
                            "security_groups.#": "0",
                            "source_dest_check": "true",
                            "subnet_id": "subnet-0eb3d740b39b6337a",
                            "tags.%": "2",
                            "tags.Name": "kchung-09-28-22-29-15-worker-1",
                            "tags.f5:blueops:owner": "kchung",
                            "tenancy": "default",
                            "volume_tags.%": "0",
                            "vpc_security_group_ids.#": "2",
                            "vpc_security_group_ids.3599288745": "sg-0081b93fef65f238b",
                            "vpc_security_group_ids.4069008878": "sg-08fb80c3826c59646"
                        },
                        "meta": {
                            "e2bfb730-ecaa-11e6-8f88-34363bc7c4c0": {
                                "create": 600000000000,
                                "delete": 1200000000000,
                                "update": 600000000000
                            },
                            "schema_version": "1"
                        },
                        "tainted": false
                    },
                    "deposed": [],
                    "provider": "provider.aws"
                },
                "aws_instance.worker_instance.2": {
                    "type": "aws_instance",
                    "depends_on": [
                        "data.terraform_remote_state.iam",
                        "data.terraform_remote_state.keypair",
                        "data.terraform_remote_state.sg",
                        "data.terraform_remote_state.vpc"
                    ],
                    "primary": {
                        "id": "i-0f1f2caf909259455",
                        "attributes": {
                            "ami": "ami-06f2f779464715dc5",
                            "arn": "arn:aws:ec2:us-west-2:641222230151:instance/i-0f1f2caf909259455",
                            "associate_public_ip_address": "true",
                            "availability_zone": "us-west-2b",
                            "cpu_core_count": "1",
                            "cpu_threads_per_core": "1",
                            "credit_specification.#": "1",
                            "credit_specification.0.cpu_credits": "standard",
                            "disable_api_termination": "false",
                            "ebs_block_device.#": "0",
                            "ebs_optimized": "false",
                            "ephemeral_block_device.#": "0",
                            "get_password_data": "false",
                            "iam_instance_profile": "kchung-09-28-22-29-15",
                            "id": "i-0f1f2caf909259455",
                            "instance_state": "running",
                            "instance_type": "t2.micro",
                            "ipv6_addresses.#": "0",
                            "key_name": "kchung-09-28-22-29-15",
                            "monitoring": "false",
                            "network_interface.#": "0",
                            "network_interface_id": "eni-05f1bcca6e9264404",
                            "password_data": "",
                            "placement_group": "",
                            "primary_network_interface_id": "eni-05f1bcca6e9264404",
                            "private_dns": "ip-10-0-0-193.us-west-2.compute.internal",
                            "private_ip": "10.0.0.193",
                            "public_dns": "ec2-18-236-179-98.us-west-2.compute.amazonaws.com",
                            "public_ip": "18.236.179.98",
                            "root_block_device.#": "1",
                            "root_block_device.0.delete_on_termination": "true",
                            "root_block_device.0.iops": "100",
                            "root_block_device.0.volume_id": "vol-0259e2d51e29e2696",
                            "root_block_device.0.volume_size": "8",
                            "root_block_device.0.volume_type": "gp2",
                            "security_groups.#": "0",
                            "source_dest_check": "true",
                            "subnet_id": "subnet-0eb3d740b39b6337a",
                            "tags.%": "2",
                            "tags.Name": "kchung-09-28-22-29-15-worker-2",
                            "tags.f5:blueops:owner": "kchung",
                            "tenancy": "default",
                            "volume_tags.%": "0",
                            "vpc_security_group_ids.#": "2",
                            "vpc_security_group_ids.3599288745": "sg-0081b93fef65f238b",
                            "vpc_security_group_ids.4069008878": "sg-08fb80c3826c59646"
                        },
                        "meta": {
                            "e2bfb730-ecaa-11e6-8f88-34363bc7c4c0": {
                                "create": 600000000000,
                                "delete": 1200000000000,
                                "update": 600000000000
                            },
                            "schema_version": "1"
                        },
                        "tainted": false
                    },
                    "deposed": [],
                    "provider": "provider.aws"
                },
                "data.terraform_remote_state.iam": {
                    "type": "terraform_remote_state",
                    "depends_on": [],
                    "primary": {
                        "id": "2019-09-29 05:30:46.00432102 +0000 UTC",
                        "attributes": {
                            "backend": "local",
                            "config.%": "1",
                            "config.path": "/Users/kchung/mygithub/kube-box/provisioning/terraform/aws/instances/../iam/terraform.tfstate",
                            "environment": "default",
                            "iam-role-name": "kchung-09-28-22-29-15",
                            "id": "2019-09-29 05:30:46.00432102 +0000 UTC",
                            "instance_porflie_id": "kchung-09-28-22-29-15",
                            "workspace": "default"
                        },
                        "meta": {},
                        "tainted": false
                    },
                    "deposed": [],
                    "provider": "provider.terraform"
                },
                "data.terraform_remote_state.keypair": {
                    "type": "terraform_remote_state",
                    "depends_on": [],
                    "primary": {
                        "id": "2019-09-29 05:30:46.004075807 +0000 UTC",
                        "attributes": {
                            "backend": "local",
                            "config.%": "1",
                            "config.path": "/Users/kchung/mygithub/kube-box/provisioning/terraform/aws/instances/../keypair/terraform.tfstate",
                            "environment": "default",
                            "id": "2019-09-29 05:30:46.004075807 +0000 UTC",
                            "key_name": "kchung-09-28-22-29-15",
                            "workspace": "default"
                        },
                        "meta": {},
                        "tainted": false
                    },
                    "deposed": [],
                    "provider": "provider.terraform"
                },
                "data.terraform_remote_state.sg": {
                    "type": "terraform_remote_state",
                    "depends_on": [],
                    "primary": {
                        "id": "2019-09-29 05:30:46.00578796 +0000 UTC",
                        "attributes": {
                            "backend": "local",
                            "config.%": "1",
                            "config.path": "/Users/kchung/mygithub/kube-box/provisioning/terraform/aws/instances/../sg/terraform.tfstate",
                            "environment": "default",
                            "id": "2019-09-29 05:30:46.00578796 +0000 UTC",
                            "kubebox_master_id": "sg-08fb80c3826c59646",
                            "kubebox_worker_id": "sg-0081b93fef65f238b",
                            "workspace": "default"
                        },
                        "meta": {},
                        "tainted": false
                    },
                    "deposed": [],
                    "provider": "provider.terraform"
                },
                "data.terraform_remote_state.vpc": {
                    "type": "terraform_remote_state",
                    "depends_on": [],
                    "primary": {
                        "id": "2019-09-29 05:30:46.004956195 +0000 UTC",
                        "attributes": {
                            "backend": "local",
                            "config.%": "1",
                            "config.path": "/Users/kchung/mygithub/kube-box/provisioning/terraform/aws/instances/../vpc/terraform.tfstate",
                            "environment": "default",
                            "id": "2019-09-29 05:30:46.004956195 +0000 UTC",
                            "subnet_id": "subnet-0eb3d740b39b6337a",
                            "vpc_cider_block": "10.0.0.0/16",
                            "vpcid": "vpc-091e6fd8043f35967",
                            "workspace": "default"
                        },
                        "meta": {},
                        "tainted": false
                    },
                    "deposed": [],
                    "provider": "provider.terraform"
                }
            },
            "depends_on": []
        }
    ]
}
